// !$*UTF8*$!
{
	archiveVersion = 1;
	classes = {
	};
	objectVersion = 50;
	objects = {

/* Begin PBXBuildFile section */
		162BD505224E174F00ACE546 /* PersonDAO.swift in Sources */ = {isa = PBXBuildFile; fileRef = 162BD504224E174F00ACE546 /* PersonDAO.swift */; };
		162BD508224E194D00ACE546 /* Participate.swift in Sources */ = {isa = PBXBuildFile; fileRef = 162BD507224E194D00ACE546 /* Participate.swift */; };
		162BD50A224E198200ACE546 /* Person.swift in Sources */ = {isa = PBXBuildFile; fileRef = 162BD509224E198200ACE546 /* Person.swift */; };
		162BD510224E48A600ACE546 /* ParticipateDAO.swift in Sources */ = {isa = PBXBuildFile; fileRef = 162BD50F224E48A600ACE546 /* ParticipateDAO.swift */; };
		162BD512224E4BFA00ACE546 /* BalanceViewController.swift in Sources */ = {isa = PBXBuildFile; fileRef = 162BD511224E4BFA00ACE546 /* BalanceViewController.swift */; };
		163328EC224FD567001DF002 /* DetailExpenseTableViewCell.swift in Sources */ = {isa = PBXBuildFile; fileRef = 163328EB224FD567001DF002 /* DetailExpenseTableViewCell.swift */; };
		1638953822519181000ECAC6 /* AddExpenseTableViewController.swift in Sources */ = {isa = PBXBuildFile; fileRef = 1638953722519181000ECAC6 /* AddExpenseTableViewController.swift */; };
		1663AB9A2250096900446577 /* PersonsExpenseSetViewModel.swift in Sources */ = {isa = PBXBuildFile; fileRef = 1663AB992250096900446577 /* PersonsExpenseSetViewModel.swift */; };
		1663AB9C22500B5B00446577 /* ExpenseDetailTableViewController.swift in Sources */ = {isa = PBXBuildFile; fileRef = 1663AB9B22500B5B00446577 /* ExpenseDetailTableViewController.swift */; };
		1667DF54224FBBDF00D404C2 /* ExpenseViewController.swift in Sources */ = {isa = PBXBuildFile; fileRef = 1667DF53224FBBDF00D404C2 /* ExpenseViewController.swift */; };
		168C2D42224FA39200BA383D /* Expense.swift in Sources */ = {isa = PBXBuildFile; fileRef = 168C2D41224FA39200BA383D /* Expense.swift */; };
		168C2D44224FA99800BA383D /* ExpenseDAO.swift in Sources */ = {isa = PBXBuildFile; fileRef = 168C2D43224FA99800BA383D /* ExpenseDAO.swift */; };
		168C2D46224FAA3D00BA383D /* ExpenseSetViewModel.swift in Sources */ = {isa = PBXBuildFile; fileRef = 168C2D45224FAA3D00BA383D /* ExpenseSetViewModel.swift */; };
		168C2D4A224FB32D00BA383D /* ExpenseTableViewController.swift in Sources */ = {isa = PBXBuildFile; fileRef = 168C2D49224FB32D00BA383D /* ExpenseTableViewController.swift */; };
		168C2D4C224FB47000BA383D /* ExpenseTableViewCell.swift in Sources */ = {isa = PBXBuildFile; fileRef = 168C2D4B224FB47000BA383D /* ExpenseTableViewCell.swift */; };
		168E43B4225048FD009D356B /* AddExpenseTableViewCell.swift in Sources */ = {isa = PBXBuildFile; fileRef = 168E43B3225048FD009D356B /* AddExpenseTableViewCell.swift */; };
		169FCE502246755F00B03B12 /* AddPersonViewController.swift in Sources */ = {isa = PBXBuildFile; fileRef = 169FCE4F2246755F00B03B12 /* AddPersonViewController.swift */; };
		16C13222224A2838001C8812 /* CoreDataManager.swift in Sources */ = {isa = PBXBuildFile; fileRef = 16C13221224A2838001C8812 /* CoreDataManager.swift */; };
		16C13224224A28C6001C8812 /* TravelFetchResultController.swift in Sources */ = {isa = PBXBuildFile; fileRef = 16C13223224A28C6001C8812 /* TravelFetchResultController.swift */; };
		16C13226224A2AFD001C8812 /* TravelTableViewController.swift in Sources */ = {isa = PBXBuildFile; fileRef = 16C13225224A2AFD001C8812 /* TravelTableViewController.swift */; };
		16C13229224A2B76001C8812 /* TravelSetViewModel.swift in Sources */ = {isa = PBXBuildFile; fileRef = 16C13228224A2B76001C8812 /* TravelSetViewModel.swift */; };
		16C1322B224A2FF1001C8812 /* Travel.swift in Sources */ = {isa = PBXBuildFile; fileRef = 16C1322A224A2FF1001C8812 /* Travel.swift */; };
		16C4682A2244DB4600494E57 /* AppDelegate.swift in Sources */ = {isa = PBXBuildFile; fileRef = 16C468292244DB4600494E57 /* AppDelegate.swift */; };
		16C4682C2244DB4600494E57 /* ViewController.swift in Sources */ = {isa = PBXBuildFile; fileRef = 16C4682B2244DB4600494E57 /* ViewController.swift */; };
		16C4682F2244DB4600494E57 /* Main.storyboard in Resources */ = {isa = PBXBuildFile; fileRef = 16C4682D2244DB4600494E57 /* Main.storyboard */; };
		16C468322244DB4600494E57 /* ProjetSwift.xcdatamodeld in Sources */ = {isa = PBXBuildFile; fileRef = 16C468302244DB4600494E57 /* ProjetSwift.xcdatamodeld */; };
		16C468342244DB4800494E57 /* Assets.xcassets in Resources */ = {isa = PBXBuildFile; fileRef = 16C468332244DB4800494E57 /* Assets.xcassets */; };
		16C468372244DB4800494E57 /* LaunchScreen.storyboard in Resources */ = {isa = PBXBuildFile; fileRef = 16C468352244DB4800494E57 /* LaunchScreen.storyboard */; };
		16C468422244DB4800494E57 /* ProjetSwiftTests.swift in Sources */ = {isa = PBXBuildFile; fileRef = 16C468412244DB4800494E57 /* ProjetSwiftTests.swift */; };
		16C4684D2244DB4800494E57 /* ProjetSwiftUITests.swift in Sources */ = {isa = PBXBuildFile; fileRef = 16C4684C2244DB4800494E57 /* ProjetSwiftUITests.swift */; };
		16C4685C2244FE8500494E57 /* AddTravelViewController.swift in Sources */ = {isa = PBXBuildFile; fileRef = 16C4685B2244FE8500494E57 /* AddTravelViewController.swift */; };
		16E5CE4322503EA2002D01DF /* AddExpenseViewController.swift in Sources */ = {isa = PBXBuildFile; fileRef = 16E5CE4222503EA2002D01DF /* AddExpenseViewController.swift */; };
		16F18A9422465C58002714F5 /* TravelTableViewCell.swift in Sources */ = {isa = PBXBuildFile; fileRef = 16F18A9322465C58002714F5 /* TravelTableViewCell.swift */; };
		16F1C570224FDA2C005B8789 /* ExpenseDetailViewController.swift in Sources */ = {isa = PBXBuildFile; fileRef = 16F1C56F224FDA2C005B8789 /* ExpenseDetailViewController.swift */; };
		3BA123C7224E3B3100D594D9 /* PersonTableViewController.swift in Sources */ = {isa = PBXBuildFile; fileRef = 3BA123C6224E3B3100D594D9 /* PersonTableViewController.swift */; };
		3BA123CB224E3D3300D594D9 /* PersonSetViewModel.swift in Sources */ = {isa = PBXBuildFile; fileRef = 3BA123CA224E3D3300D594D9 /* PersonSetViewModel.swift */; };
		3BA123CF224E51F800D594D9 /* BalanceTableViewCell.swift in Sources */ = {isa = PBXBuildFile; fileRef = 3BA123CE224E51F800D594D9 /* BalanceTableViewCell.swift */; };
		BD8174A2225230240078277F /* Pay.swift in Sources */ = {isa = PBXBuildFile; fileRef = BD8174A1225230240078277F /* Pay.swift */; };
		BDEB52732253817E00F52FB9 /* UpdateTravelViewController.swift in Sources */ = {isa = PBXBuildFile; fileRef = BDEB52722253817E00F52FB9 /* UpdateTravelViewController.swift */; };
/* End PBXBuildFile section */

/* Begin PBXContainerItemProxy section */
		16C4683E2244DB4800494E57 /* PBXContainerItemProxy */ = {
			isa = PBXContainerItemProxy;
			containerPortal = 16C4681E2244DB4600494E57 /* Project object */;
			proxyType = 1;
			remoteGlobalIDString = 16C468252244DB4600494E57;
			remoteInfo = ProjetSwift;
		};
		16C468492244DB4800494E57 /* PBXContainerItemProxy */ = {
			isa = PBXContainerItemProxy;
			containerPortal = 16C4681E2244DB4600494E57 /* Project object */;
			proxyType = 1;
			remoteGlobalIDString = 16C468252244DB4600494E57;
			remoteInfo = ProjetSwift;
		};
/* End PBXContainerItemProxy section */

/* Begin PBXFileReference section */
		162BD504224E174F00ACE546 /* PersonDAO.swift */ = {isa = PBXFileReference; lastKnownFileType = sourcecode.swift; path = PersonDAO.swift; sourceTree = "<group>"; };
		162BD507224E194D00ACE546 /* Participate.swift */ = {isa = PBXFileReference; lastKnownFileType = sourcecode.swift; path = Participate.swift; sourceTree = "<group>"; };
		162BD509224E198200ACE546 /* Person.swift */ = {isa = PBXFileReference; lastKnownFileType = sourcecode.swift; path = Person.swift; sourceTree = "<group>"; };
		162BD50F224E48A600ACE546 /* ParticipateDAO.swift */ = {isa = PBXFileReference; lastKnownFileType = sourcecode.swift; path = ParticipateDAO.swift; sourceTree = "<group>"; };
		162BD511224E4BFA00ACE546 /* BalanceViewController.swift */ = {isa = PBXFileReference; lastKnownFileType = sourcecode.swift; path = BalanceViewController.swift; sourceTree = "<group>"; };
		163328EB224FD567001DF002 /* DetailExpenseTableViewCell.swift */ = {isa = PBXFileReference; lastKnownFileType = sourcecode.swift; path = DetailExpenseTableViewCell.swift; sourceTree = "<group>"; };
		1638953722519181000ECAC6 /* AddExpenseTableViewController.swift */ = {isa = PBXFileReference; lastKnownFileType = sourcecode.swift; path = AddExpenseTableViewController.swift; sourceTree = "<group>"; };
		1663AB992250096900446577 /* PersonsExpenseSetViewModel.swift */ = {isa = PBXFileReference; lastKnownFileType = sourcecode.swift; path = PersonsExpenseSetViewModel.swift; sourceTree = "<group>"; };
		1663AB9B22500B5B00446577 /* ExpenseDetailTableViewController.swift */ = {isa = PBXFileReference; lastKnownFileType = sourcecode.swift; path = ExpenseDetailTableViewController.swift; sourceTree = "<group>"; };
		1667DF53224FBBDF00D404C2 /* ExpenseViewController.swift */ = {isa = PBXFileReference; lastKnownFileType = sourcecode.swift; path = ExpenseViewController.swift; sourceTree = "<group>"; };
		168C2D41224FA39200BA383D /* Expense.swift */ = {isa = PBXFileReference; lastKnownFileType = sourcecode.swift; path = Expense.swift; sourceTree = "<group>"; };
		168C2D43224FA99800BA383D /* ExpenseDAO.swift */ = {isa = PBXFileReference; lastKnownFileType = sourcecode.swift; path = ExpenseDAO.swift; sourceTree = "<group>"; };
		168C2D45224FAA3D00BA383D /* ExpenseSetViewModel.swift */ = {isa = PBXFileReference; lastKnownFileType = sourcecode.swift; path = ExpenseSetViewModel.swift; sourceTree = "<group>"; };
		168C2D49224FB32D00BA383D /* ExpenseTableViewController.swift */ = {isa = PBXFileReference; lastKnownFileType = sourcecode.swift; path = ExpenseTableViewController.swift; sourceTree = "<group>"; };
		168C2D4B224FB47000BA383D /* ExpenseTableViewCell.swift */ = {isa = PBXFileReference; lastKnownFileType = sourcecode.swift; path = ExpenseTableViewCell.swift; sourceTree = "<group>"; };
		168E43B3225048FD009D356B /* AddExpenseTableViewCell.swift */ = {isa = PBXFileReference; lastKnownFileType = sourcecode.swift; path = AddExpenseTableViewCell.swift; sourceTree = "<group>"; };
		169FCE4F2246755F00B03B12 /* AddPersonViewController.swift */ = {isa = PBXFileReference; lastKnownFileType = sourcecode.swift; path = AddPersonViewController.swift; sourceTree = "<group>"; };
		16C13221224A2838001C8812 /* CoreDataManager.swift */ = {isa = PBXFileReference; lastKnownFileType = sourcecode.swift; path = CoreDataManager.swift; sourceTree = "<group>"; };
		16C13223224A28C6001C8812 /* TravelFetchResultController.swift */ = {isa = PBXFileReference; lastKnownFileType = sourcecode.swift; path = TravelFetchResultController.swift; sourceTree = "<group>"; };
		16C13225224A2AFD001C8812 /* TravelTableViewController.swift */ = {isa = PBXFileReference; lastKnownFileType = sourcecode.swift; path = TravelTableViewController.swift; sourceTree = "<group>"; };
		16C13228224A2B76001C8812 /* TravelSetViewModel.swift */ = {isa = PBXFileReference; lastKnownFileType = sourcecode.swift; path = TravelSetViewModel.swift; sourceTree = "<group>"; };
		16C1322A224A2FF1001C8812 /* Travel.swift */ = {isa = PBXFileReference; lastKnownFileType = sourcecode.swift; path = Travel.swift; sourceTree = "<group>"; };
		16C468262244DB4600494E57 /* ProjetSwift.app */ = {isa = PBXFileReference; explicitFileType = wrapper.application; includeInIndex = 0; path = ProjetSwift.app; sourceTree = BUILT_PRODUCTS_DIR; };
		16C468292244DB4600494E57 /* AppDelegate.swift */ = {isa = PBXFileReference; lastKnownFileType = sourcecode.swift; path = AppDelegate.swift; sourceTree = "<group>"; };
		16C4682B2244DB4600494E57 /* ViewController.swift */ = {isa = PBXFileReference; lastKnownFileType = sourcecode.swift; path = ViewController.swift; sourceTree = "<group>"; };
		16C4682E2244DB4600494E57 /* Base */ = {isa = PBXFileReference; lastKnownFileType = file.storyboard; name = Base; path = Base.lproj/Main.storyboard; sourceTree = "<group>"; };
		16C468312244DB4600494E57 /* ProjetSwift.xcdatamodel */ = {isa = PBXFileReference; lastKnownFileType = wrapper.xcdatamodel; path = ProjetSwift.xcdatamodel; sourceTree = "<group>"; };
		16C468332244DB4800494E57 /* Assets.xcassets */ = {isa = PBXFileReference; lastKnownFileType = folder.assetcatalog; path = Assets.xcassets; sourceTree = "<group>"; };
		16C468362244DB4800494E57 /* Base */ = {isa = PBXFileReference; lastKnownFileType = file.storyboard; name = Base; path = Base.lproj/LaunchScreen.storyboard; sourceTree = "<group>"; };
		16C468382244DB4800494E57 /* Info.plist */ = {isa = PBXFileReference; lastKnownFileType = text.plist.xml; path = Info.plist; sourceTree = "<group>"; };
		16C4683D2244DB4800494E57 /* ProjetSwiftTests.xctest */ = {isa = PBXFileReference; explicitFileType = wrapper.cfbundle; includeInIndex = 0; path = ProjetSwiftTests.xctest; sourceTree = BUILT_PRODUCTS_DIR; };
		16C468412244DB4800494E57 /* ProjetSwiftTests.swift */ = {isa = PBXFileReference; lastKnownFileType = sourcecode.swift; path = ProjetSwiftTests.swift; sourceTree = "<group>"; };
		16C468432244DB4800494E57 /* Info.plist */ = {isa = PBXFileReference; lastKnownFileType = text.plist.xml; path = Info.plist; sourceTree = "<group>"; };
		16C468482244DB4800494E57 /* ProjetSwiftUITests.xctest */ = {isa = PBXFileReference; explicitFileType = wrapper.cfbundle; includeInIndex = 0; path = ProjetSwiftUITests.xctest; sourceTree = BUILT_PRODUCTS_DIR; };
		16C4684C2244DB4800494E57 /* ProjetSwiftUITests.swift */ = {isa = PBXFileReference; lastKnownFileType = sourcecode.swift; path = ProjetSwiftUITests.swift; sourceTree = "<group>"; };
		16C4684E2244DB4800494E57 /* Info.plist */ = {isa = PBXFileReference; lastKnownFileType = text.plist.xml; path = Info.plist; sourceTree = "<group>"; };
		16C4685B2244FE8500494E57 /* AddTravelViewController.swift */ = {isa = PBXFileReference; lastKnownFileType = sourcecode.swift; path = AddTravelViewController.swift; sourceTree = "<group>"; };
		16E5CE4222503EA2002D01DF /* AddExpenseViewController.swift */ = {isa = PBXFileReference; lastKnownFileType = sourcecode.swift; path = AddExpenseViewController.swift; sourceTree = "<group>"; };
		16F18A9322465C58002714F5 /* TravelTableViewCell.swift */ = {isa = PBXFileReference; lastKnownFileType = sourcecode.swift; path = TravelTableViewCell.swift; sourceTree = "<group>"; };
		16F1C56F224FDA2C005B8789 /* ExpenseDetailViewController.swift */ = {isa = PBXFileReference; lastKnownFileType = sourcecode.swift; path = ExpenseDetailViewController.swift; sourceTree = "<group>"; };
		3BA123C6224E3B3100D594D9 /* PersonTableViewController.swift */ = {isa = PBXFileReference; lastKnownFileType = sourcecode.swift; path = PersonTableViewController.swift; sourceTree = "<group>"; };
		3BA123CA224E3D3300D594D9 /* PersonSetViewModel.swift */ = {isa = PBXFileReference; lastKnownFileType = sourcecode.swift; path = PersonSetViewModel.swift; sourceTree = "<group>"; };
		3BA123CE224E51F800D594D9 /* BalanceTableViewCell.swift */ = {isa = PBXFileReference; lastKnownFileType = sourcecode.swift; path = BalanceTableViewCell.swift; sourceTree = "<group>"; };
		BD8174A1225230240078277F /* Pay.swift */ = {isa = PBXFileReference; lastKnownFileType = sourcecode.swift; path = Pay.swift; sourceTree = "<group>"; };
		BDEB52722253817E00F52FB9 /* UpdateTravelViewController.swift */ = {isa = PBXFileReference; lastKnownFileType = sourcecode.swift; path = UpdateTravelViewController.swift; sourceTree = "<group>"; };
/* End PBXFileReference section */

/* Begin PBXFrameworksBuildPhase section */
		16C468232244DB4600494E57 /* Frameworks */ = {
			isa = PBXFrameworksBuildPhase;
			buildActionMask = 2147483647;
			files = (
			);
			runOnlyForDeploymentPostprocessing = 0;
		};
		16C4683A2244DB4800494E57 /* Frameworks */ = {
			isa = PBXFrameworksBuildPhase;
			buildActionMask = 2147483647;
			files = (
			);
			runOnlyForDeploymentPostprocessing = 0;
		};
		16C468452244DB4800494E57 /* Frameworks */ = {
			isa = PBXFrameworksBuildPhase;
			buildActionMask = 2147483647;
			files = (
			);
			runOnlyForDeploymentPostprocessing = 0;
		};
/* End PBXFrameworksBuildPhase section */

/* Begin PBXGroup section */
		162BD503224E143900ACE546 /* DAO */ = {
			isa = PBXGroup;
			children = (
				162BD504224E174F00ACE546 /* PersonDAO.swift */,
				162BD50F224E48A600ACE546 /* ParticipateDAO.swift */,
				168C2D43224FA99800BA383D /* ExpenseDAO.swift */,
			);
			path = DAO;
			sourceTree = "<group>";
		};
		162BD506224E192B00ACE546 /* Model */ = {
			isa = PBXGroup;
			children = (
				16C1322A224A2FF1001C8812 /* Travel.swift */,
				162BD507224E194D00ACE546 /* Participate.swift */,
				162BD509224E198200ACE546 /* Person.swift */,
				168C2D41224FA39200BA383D /* Expense.swift */,
				BD8174A1225230240078277F /* Pay.swift */,
			);
			path = Model;
			sourceTree = "<group>";
		};
		163328EA224FD26E001DF002 /* Cell */ = {
			isa = PBXGroup;
			children = (
				168C2D4B224FB47000BA383D /* ExpenseTableViewCell.swift */,
				3BA123CE224E51F800D594D9 /* BalanceTableViewCell.swift */,
				16F18A9322465C58002714F5 /* TravelTableViewCell.swift */,
				163328EB224FD567001DF002 /* DetailExpenseTableViewCell.swift */,
				168E43B3225048FD009D356B /* AddExpenseTableViewCell.swift */,
			);
			path = Cell;
			sourceTree = "<group>";
		};
		1663AB912250020100446577 /* ExpenseDetail */ = {
			isa = PBXGroup;
			children = (
				16F1C56F224FDA2C005B8789 /* ExpenseDetailViewController.swift */,
				1663AB9B22500B5B00446577 /* ExpenseDetailTableViewController.swift */,
			);
			path = ExpenseDetail;
			sourceTree = "<group>";
		};
		1663AB922250021100446577 /* ExpensesList */ = {
			isa = PBXGroup;
			children = (
				168C2D49224FB32D00BA383D /* ExpenseTableViewController.swift */,
				1667DF53224FBBDF00D404C2 /* ExpenseViewController.swift */,
			);
			path = ExpensesList;
			sourceTree = "<group>";
		};
		1663AB932250022A00446577 /* Balance */ = {
			isa = PBXGroup;
			children = (
				162BD511224E4BFA00ACE546 /* BalanceViewController.swift */,
				3BA123C6224E3B3100D594D9 /* PersonTableViewController.swift */,
			);
			path = Balance;
			sourceTree = "<group>";
		};
		1663AB942250023400446577 /* TravelsList */ = {
			isa = PBXGroup;
			children = (
				16C13225224A2AFD001C8812 /* TravelTableViewController.swift */,
				16C13223224A28C6001C8812 /* TravelFetchResultController.swift */,
			);
			path = TravelsList;
			sourceTree = "<group>";
		};
		1663AB952250029500446577 /* AddTravel */ = {
			isa = PBXGroup;
			children = (
				16C4685B2244FE8500494E57 /* AddTravelViewController.swift */,
			);
			path = AddTravel;
			sourceTree = "<group>";
		};
		1663AB96225002A200446577 /* AddPerson */ = {
			isa = PBXGroup;
			children = (
				169FCE4F2246755F00B03B12 /* AddPersonViewController.swift */,
			);
			path = AddPerson;
			sourceTree = "<group>";
		};
		16C13227224A2B5E001C8812 /* ViewModel */ = {
			isa = PBXGroup;
			children = (
				16C13228224A2B76001C8812 /* TravelSetViewModel.swift */,
				3BA123CA224E3D3300D594D9 /* PersonSetViewModel.swift */,
				168C2D45224FAA3D00BA383D /* ExpenseSetViewModel.swift */,
				1663AB992250096900446577 /* PersonsExpenseSetViewModel.swift */,
			);
			path = ViewModel;
			sourceTree = "<group>";
		};
		16C4681D2244DB4600494E57 = {
			isa = PBXGroup;
			children = (
				16C468282244DB4600494E57 /* ProjetSwift */,
				16C468402244DB4800494E57 /* ProjetSwiftTests */,
				16C4684B2244DB4800494E57 /* ProjetSwiftUITests */,
				16C468272244DB4600494E57 /* Products */,
			);
			sourceTree = "<group>";
		};
		16C468272244DB4600494E57 /* Products */ = {
			isa = PBXGroup;
			children = (
				16C468262244DB4600494E57 /* ProjetSwift.app */,
				16C4683D2244DB4800494E57 /* ProjetSwiftTests.xctest */,
				16C468482244DB4800494E57 /* ProjetSwiftUITests.xctest */,
			);
			name = Products;
			sourceTree = "<group>";
		};
		16C468282244DB4600494E57 /* ProjetSwift */ = {
			isa = PBXGroup;
			children = (
				162BD506224E192B00ACE546 /* Model */,
				162BD503224E143900ACE546 /* DAO */,
				16C13227224A2B5E001C8812 /* ViewModel */,
				16C4685A2244FE6700494E57 /* Controller */,
				16C468292244DB4600494E57 /* AppDelegate.swift */,
				16C4682B2244DB4600494E57 /* ViewController.swift */,
				16C4682D2244DB4600494E57 /* Main.storyboard */,
				16C468332244DB4800494E57 /* Assets.xcassets */,
				16C468352244DB4800494E57 /* LaunchScreen.storyboard */,
				16C468382244DB4800494E57 /* Info.plist */,
				16C468302244DB4600494E57 /* ProjetSwift.xcdatamodeld */,
				16C13221224A2838001C8812 /* CoreDataManager.swift */,
			);
			path = ProjetSwift;
			sourceTree = "<group>";
		};
		16C468402244DB4800494E57 /* ProjetSwiftTests */ = {
			isa = PBXGroup;
			children = (
				16C468412244DB4800494E57 /* ProjetSwiftTests.swift */,
				16C468432244DB4800494E57 /* Info.plist */,
			);
			path = ProjetSwiftTests;
			sourceTree = "<group>";
		};
		16C4684B2244DB4800494E57 /* ProjetSwiftUITests */ = {
			isa = PBXGroup;
			children = (
				16C4684C2244DB4800494E57 /* ProjetSwiftUITests.swift */,
				16C4684E2244DB4800494E57 /* Info.plist */,
			);
			path = ProjetSwiftUITests;
			sourceTree = "<group>";
		};
		16C4685A2244FE6700494E57 /* Controller */ = {
			isa = PBXGroup;
			children = (
				BDEB5271225380B500F52FB9 /* UpdateTravel */,
				16E5CE4122503E85002D01DF /* AddExpense */,
				1663AB96225002A200446577 /* AddPerson */,
				1663AB952250029500446577 /* AddTravel */,
				1663AB942250023400446577 /* TravelsList */,
				1663AB932250022A00446577 /* Balance */,
				1663AB922250021100446577 /* ExpensesList */,
				1663AB912250020100446577 /* ExpenseDetail */,
				163328EA224FD26E001DF002 /* Cell */,
			);
			path = Controller;
			sourceTree = "<group>";
		};
		16E5CE4122503E85002D01DF /* AddExpense */ = {
			isa = PBXGroup;
			children = (
				16E5CE4222503EA2002D01DF /* AddExpenseViewController.swift */,
				1638953722519181000ECAC6 /* AddExpenseTableViewController.swift */,
			);
			path = AddExpense;
			sourceTree = "<group>";
		};
		BDEB5271225380B500F52FB9 /* UpdateTravel */ = {
			isa = PBXGroup;
			children = (
				BDEB52722253817E00F52FB9 /* UpdateTravelViewController.swift */,
			);
			path = UpdateTravel;
			sourceTree = "<group>";
		};
/* End PBXGroup section */

/* Begin PBXNativeTarget section */
		16C468252244DB4600494E57 /* ProjetSwift */ = {
			isa = PBXNativeTarget;
			buildConfigurationList = 16C468512244DB4800494E57 /* Build configuration list for PBXNativeTarget "ProjetSwift" */;
			buildPhases = (
				16C468222244DB4600494E57 /* Sources */,
				16C468232244DB4600494E57 /* Frameworks */,
				16C468242244DB4600494E57 /* Resources */,
			);
			buildRules = (
			);
			dependencies = (
			);
			name = ProjetSwift;
			productName = ProjetSwift;
			productReference = 16C468262244DB4600494E57 /* ProjetSwift.app */;
			productType = "com.apple.product-type.application";
		};
		16C4683C2244DB4800494E57 /* ProjetSwiftTests */ = {
			isa = PBXNativeTarget;
			buildConfigurationList = 16C468542244DB4800494E57 /* Build configuration list for PBXNativeTarget "ProjetSwiftTests" */;
			buildPhases = (
				16C468392244DB4800494E57 /* Sources */,
				16C4683A2244DB4800494E57 /* Frameworks */,
				16C4683B2244DB4800494E57 /* Resources */,
			);
			buildRules = (
			);
			dependencies = (
				16C4683F2244DB4800494E57 /* PBXTargetDependency */,
			);
			name = ProjetSwiftTests;
			productName = ProjetSwiftTests;
			productReference = 16C4683D2244DB4800494E57 /* ProjetSwiftTests.xctest */;
			productType = "com.apple.product-type.bundle.unit-test";
		};
		16C468472244DB4800494E57 /* ProjetSwiftUITests */ = {
			isa = PBXNativeTarget;
			buildConfigurationList = 16C468572244DB4800494E57 /* Build configuration list for PBXNativeTarget "ProjetSwiftUITests" */;
			buildPhases = (
				16C468442244DB4800494E57 /* Sources */,
				16C468452244DB4800494E57 /* Frameworks */,
				16C468462244DB4800494E57 /* Resources */,
			);
			buildRules = (
			);
			dependencies = (
				16C4684A2244DB4800494E57 /* PBXTargetDependency */,
			);
			name = ProjetSwiftUITests;
			productName = ProjetSwiftUITests;
			productReference = 16C468482244DB4800494E57 /* ProjetSwiftUITests.xctest */;
			productType = "com.apple.product-type.bundle.ui-testing";
		};
/* End PBXNativeTarget section */

/* Begin PBXProject section */
		16C4681E2244DB4600494E57 /* Project object */ = {
			isa = PBXProject;
			attributes = {
				LastSwiftUpdateCheck = 1010;
				LastUpgradeCheck = 1010;
				ORGANIZATIONNAME = "F&Y";
				TargetAttributes = {
					16C468252244DB4600494E57 = {
						CreatedOnToolsVersion = 10.1;
					};
					16C4683C2244DB4800494E57 = {
						CreatedOnToolsVersion = 10.1;
						TestTargetID = 16C468252244DB4600494E57;
					};
					16C468472244DB4800494E57 = {
						CreatedOnToolsVersion = 10.1;
						TestTargetID = 16C468252244DB4600494E57;
					};
				};
			};
			buildConfigurationList = 16C468212244DB4600494E57 /* Build configuration list for PBXProject "ProjetSwift" */;
			compatibilityVersion = "Xcode 9.3";
			developmentRegion = en;
			hasScannedForEncodings = 0;
			knownRegions = (
				en,
				Base,
			);
			mainGroup = 16C4681D2244DB4600494E57;
			productRefGroup = 16C468272244DB4600494E57 /* Products */;
			projectDirPath = "";
			projectRoot = "";
			targets = (
				16C468252244DB4600494E57 /* ProjetSwift */,
				16C4683C2244DB4800494E57 /* ProjetSwiftTests */,
				16C468472244DB4800494E57 /* ProjetSwiftUITests */,
			);
		};
/* End PBXProject section */

/* Begin PBXResourcesBuildPhase section */
		16C468242244DB4600494E57 /* Resources */ = {
			isa = PBXResourcesBuildPhase;
			buildActionMask = 2147483647;
			files = (
				16C468372244DB4800494E57 /* LaunchScreen.storyboard in Resources */,
				16C468342244DB4800494E57 /* Assets.xcassets in Resources */,
				16C4682F2244DB4600494E57 /* Main.storyboard in Resources */,
			);
			runOnlyForDeploymentPostprocessing = 0;
		};
		16C4683B2244DB4800494E57 /* Resources */ = {
			isa = PBXResourcesBuildPhase;
			buildActionMask = 2147483647;
			files = (
			);
			runOnlyForDeploymentPostprocessing = 0;
		};
		16C468462244DB4800494E57 /* Resources */ = {
			isa = PBXResourcesBuildPhase;
			buildActionMask = 2147483647;
			files = (
			);
			runOnlyForDeploymentPostprocessing = 0;
		};
/* End PBXResourcesBuildPhase section */

/* Begin PBXSourcesBuildPhase section */
		16C468222244DB4600494E57 /* Sources */ = {
			isa = PBXSourcesBuildPhase;
			buildActionMask = 2147483647;
			files = (
				168C2D4C224FB47000BA383D /* ExpenseTableViewCell.swift in Sources */,
				168C2D46224FAA3D00BA383D /* ExpenseSetViewModel.swift in Sources */,
				1663AB9C22500B5B00446577 /* ExpenseDetailTableViewController.swift in Sources */,
				16C1322B224A2FF1001C8812 /* Travel.swift in Sources */,
				16C468322244DB4600494E57 /* ProjetSwift.xcdatamodeld in Sources */,
				3BA123CB224E3D3300D594D9 /* PersonSetViewModel.swift in Sources */,
				16C13226224A2AFD001C8812 /* TravelTableViewController.swift in Sources */,
				16E5CE4322503EA2002D01DF /* AddExpenseViewController.swift in Sources */,
				168C2D42224FA39200BA383D /* Expense.swift in Sources */,
				16C4682C2244DB4600494E57 /* ViewController.swift in Sources */,
				162BD50A224E198200ACE546 /* Person.swift in Sources */,
				3BA123C7224E3B3100D594D9 /* PersonTableViewController.swift in Sources */,
				168C2D4A224FB32D00BA383D /* ExpenseTableViewController.swift in Sources */,
				3BA123CF224E51F800D594D9 /* BalanceTableViewCell.swift in Sources */,
				16C4682A2244DB4600494E57 /* AppDelegate.swift in Sources */,
				162BD505224E174F00ACE546 /* PersonDAO.swift in Sources */,
				16F18A9422465C58002714F5 /* TravelTableViewCell.swift in Sources */,
				16F1C570224FDA2C005B8789 /* ExpenseDetailViewController.swift in Sources */,
				16C4685C2244FE8500494E57 /* AddTravelViewController.swift in Sources */,
				168E43B4225048FD009D356B /* AddExpenseTableViewCell.swift in Sources */,
				168C2D44224FA99800BA383D /* ExpenseDAO.swift in Sources */,
				BD8174A2225230240078277F /* Pay.swift in Sources */,
				16C13222224A2838001C8812 /* CoreDataManager.swift in Sources */,
				1638953822519181000ECAC6 /* AddExpenseTableViewController.swift in Sources */,
				163328EC224FD567001DF002 /* DetailExpenseTableViewCell.swift in Sources */,
				16C13229224A2B76001C8812 /* TravelSetViewModel.swift in Sources */,
				162BD510224E48A600ACE546 /* ParticipateDAO.swift in Sources */,
				162BD512224E4BFA00ACE546 /* BalanceViewController.swift in Sources */,
				162BD508224E194D00ACE546 /* Participate.swift in Sources */,
				1667DF54224FBBDF00D404C2 /* ExpenseViewController.swift in Sources */,
				169FCE502246755F00B03B12 /* AddPersonViewController.swift in Sources */,
				1663AB9A2250096900446577 /* PersonsExpenseSetViewModel.swift in Sources */,
				BDEB52732253817E00F52FB9 /* UpdateTravelViewController.swift in Sources */,
				16C13224224A28C6001C8812 /* TravelFetchResultController.swift in Sources */,
			);
			runOnlyForDeploymentPostprocessing = 0;
		};
		16C468392244DB4800494E57 /* Sources */ = {
			isa = PBXSourcesBuildPhase;
			buildActionMask = 2147483647;
			files = (
				16C468422244DB4800494E57 /* ProjetSwiftTests.swift in Sources */,
			);
			runOnlyForDeploymentPostprocessing = 0;
		};
		16C468442244DB4800494E57 /* Sources */ = {
			isa = PBXSourcesBuildPhase;
			buildActionMask = 2147483647;
			files = (
				16C4684D2244DB4800494E57 /* ProjetSwiftUITests.swift in Sources */,
			);
			runOnlyForDeploymentPostprocessing = 0;
		};
/* End PBXSourcesBuildPhase section */

/* Begin PBXTargetDependency section */
		16C4683F2244DB4800494E57 /* PBXTargetDependency */ = {
			isa = PBXTargetDependency;
			target = 16C468252244DB4600494E57 /* ProjetSwift */;
			targetProxy = 16C4683E2244DB4800494E57 /* PBXContainerItemProxy */;
		};
		16C4684A2244DB4800494E57 /* PBXTargetDependency */ = {
			isa = PBXTargetDependency;
			target = 16C468252244DB4600494E57 /* ProjetSwift */;
			targetProxy = 16C468492244DB4800494E57 /* PBXContainerItemProxy */;
		};
/* End PBXTargetDependency section */

/* Begin PBXVariantGroup section */
		16C4682D2244DB4600494E57 /* Main.storyboard */ = {
			isa = PBXVariantGroup;
			children = (
				16C4682E2244DB4600494E57 /* Base */,
			);
			name = Main.storyboard;
			sourceTree = "<group>";
		};
		16C468352244DB4800494E57 /* LaunchScreen.storyboard */ = {
			isa = PBXVariantGroup;
			children = (
				16C468362244DB4800494E57 /* Base */,
			);
			name = LaunchScreen.storyboard;
			sourceTree = "<group>";
		};
/* End PBXVariantGroup section */

/* Begin XCBuildConfiguration section */
		16C4684F2244DB4800494E57 /* Debug */ = {
			isa = XCBuildConfiguration;
			buildSettings = {
				ALWAYS_SEARCH_USER_PATHS = NO;
				CLANG_ANALYZER_NONNULL = YES;
				CLANG_ANALYZER_NUMBER_OBJECT_CONVERSION = YES_AGGRESSIVE;
				CLANG_CXX_LANGUAGE_STANDARD = "gnu++14";
				CLANG_CXX_LIBRARY = "libc++";
				CLANG_ENABLE_MODULES = YES;
				CLANG_ENABLE_OBJC_ARC = YES;
				CLANG_ENABLE_OBJC_WEAK = YES;
				CLANG_WARN_BLOCK_CAPTURE_AUTORELEASING = YES;
				CLANG_WARN_BOOL_CONVERSION = YES;
				CLANG_WARN_COMMA = YES;
				CLANG_WARN_CONSTANT_CONVERSION = YES;
				CLANG_WARN_DEPRECATED_OBJC_IMPLEMENTATIONS = YES;
				CLANG_WARN_DIRECT_OBJC_ISA_USAGE = YES_ERROR;
				CLANG_WARN_DOCUMENTATION_COMMENTS = YES;
				CLANG_WARN_EMPTY_BODY = YES;
				CLANG_WARN_ENUM_CONVERSION = YES;
				CLANG_WARN_INFINITE_RECURSION = YES;
				CLANG_WARN_INT_CONVERSION = YES;
				CLANG_WARN_NON_LITERAL_NULL_CONVERSION = YES;
				CLANG_WARN_OBJC_IMPLICIT_RETAIN_SELF = YES;
				CLANG_WARN_OBJC_LITERAL_CONVERSION = YES;
				CLANG_WARN_OBJC_ROOT_CLASS = YES_ERROR;
				CLANG_WARN_RANGE_LOOP_ANALYSIS = YES;
				CLANG_WARN_STRICT_PROTOTYPES = YES;
				CLANG_WARN_SUSPICIOUS_MOVE = YES;
				CLANG_WARN_UNGUARDED_AVAILABILITY = YES_AGGRESSIVE;
				CLANG_WARN_UNREACHABLE_CODE = YES;
				CLANG_WARN__DUPLICATE_METHOD_MATCH = YES;
				CODE_SIGN_IDENTITY = "iPhone Developer";
				COPY_PHASE_STRIP = NO;
				DEBUG_INFORMATION_FORMAT = dwarf;
				ENABLE_STRICT_OBJC_MSGSEND = YES;
				ENABLE_TESTABILITY = YES;
				GCC_C_LANGUAGE_STANDARD = gnu11;
				GCC_DYNAMIC_NO_PIC = NO;
				GCC_NO_COMMON_BLOCKS = YES;
				GCC_OPTIMIZATION_LEVEL = 0;
				GCC_PREPROCESSOR_DEFINITIONS = (
					"DEBUG=1",
					"$(inherited)",
				);
				GCC_WARN_64_TO_32_BIT_CONVERSION = YES;
				GCC_WARN_ABOUT_RETURN_TYPE = YES_ERROR;
				GCC_WARN_UNDECLARED_SELECTOR = YES;
				GCC_WARN_UNINITIALIZED_AUTOS = YES_AGGRESSIVE;
				GCC_WARN_UNUSED_FUNCTION = YES;
				GCC_WARN_UNUSED_VARIABLE = YES;
				IPHONEOS_DEPLOYMENT_TARGET = 12.1;
				MTL_ENABLE_DEBUG_INFO = INCLUDE_SOURCE;
				MTL_FAST_MATH = YES;
				ONLY_ACTIVE_ARCH = YES;
				SDKROOT = iphoneos;
				SWIFT_ACTIVE_COMPILATION_CONDITIONS = DEBUG;
				SWIFT_OPTIMIZATION_LEVEL = "-Onone";
			};
			name = Debug;
		};
		16C468502244DB4800494E57 /* Release */ = {
			isa = XCBuildConfiguration;
			buildSettings = {
				ALWAYS_SEARCH_USER_PATHS = NO;
				CLANG_ANALYZER_NONNULL = YES;
				CLANG_ANALYZER_NUMBER_OBJECT_CONVERSION = YES_AGGRESSIVE;
				CLANG_CXX_LANGUAGE_STANDARD = "gnu++14";
				CLANG_CXX_LIBRARY = "libc++";
				CLANG_ENABLE_MODULES = YES;
				CLANG_ENABLE_OBJC_ARC = YES;
				CLANG_ENABLE_OBJC_WEAK = YES;
				CLANG_WARN_BLOCK_CAPTURE_AUTORELEASING = YES;
				CLANG_WARN_BOOL_CONVERSION = YES;
				CLANG_WARN_COMMA = YES;
				CLANG_WARN_CONSTANT_CONVERSION = YES;
				CLANG_WARN_DEPRECATED_OBJC_IMPLEMENTATIONS = YES;
				CLANG_WARN_DIRECT_OBJC_ISA_USAGE = YES_ERROR;
				CLANG_WARN_DOCUMENTATION_COMMENTS = YES;
				CLANG_WARN_EMPTY_BODY = YES;
				CLANG_WARN_ENUM_CONVERSION = YES;
				CLANG_WARN_INFINITE_RECURSION = YES;
				CLANG_WARN_INT_CONVERSION = YES;
				CLANG_WARN_NON_LITERAL_NULL_CONVERSION = YES;
				CLANG_WARN_OBJC_IMPLICIT_RETAIN_SELF = YES;
				CLANG_WARN_OBJC_LITERAL_CONVERSION = YES;
				CLANG_WARN_OBJC_ROOT_CLASS = YES_ERROR;
				CLANG_WARN_RANGE_LOOP_ANALYSIS = YES;
				CLANG_WARN_STRICT_PROTOTYPES = YES;
				CLANG_WARN_SUSPICIOUS_MOVE = YES;
				CLANG_WARN_UNGUARDED_AVAILABILITY = YES_AGGRESSIVE;
				CLANG_WARN_UNREACHABLE_CODE = YES;
				CLANG_WARN__DUPLICATE_METHOD_MATCH = YES;
				CODE_SIGN_IDENTITY = "iPhone Developer";
				COPY_PHASE_STRIP = NO;
				DEBUG_INFORMATION_FORMAT = "dwarf-with-dsym";
				ENABLE_NS_ASSERTIONS = NO;
				ENABLE_STRICT_OBJC_MSGSEND = YES;
				GCC_C_LANGUAGE_STANDARD = gnu11;
				GCC_NO_COMMON_BLOCKS = YES;
				GCC_WARN_64_TO_32_BIT_CONVERSION = YES;
				GCC_WARN_ABOUT_RETURN_TYPE = YES_ERROR;
				GCC_WARN_UNDECLARED_SELECTOR = YES;
				GCC_WARN_UNINITIALIZED_AUTOS = YES_AGGRESSIVE;
				GCC_WARN_UNUSED_FUNCTION = YES;
				GCC_WARN_UNUSED_VARIABLE = YES;
				IPHONEOS_DEPLOYMENT_TARGET = 12.1;
				MTL_ENABLE_DEBUG_INFO = NO;
				MTL_FAST_MATH = YES;
				SDKROOT = iphoneos;
				SWIFT_COMPILATION_MODE = wholemodule;
				SWIFT_OPTIMIZATION_LEVEL = "-O";
				VALIDATE_PRODUCT = YES;
			};
			name = Release;
		};
		16C468522244DB4800494E57 /* Debug */ = {
			isa = XCBuildConfiguration;
			buildSettings = {
				ASSETCATALOG_COMPILER_APPICON_NAME = AppIcon;
				CODE_SIGN_STYLE = Automatic;
				INFOPLIST_FILE = ProjetSwift/Info.plist;
				LD_RUNPATH_SEARCH_PATHS = (
					"$(inherited)",
					"@executable_path/Frameworks",
				);
				PRODUCT_BUNDLE_IDENTIFIER = "F-Y.ProjetSwift";
				PRODUCT_NAME = "$(TARGET_NAME)";
				SWIFT_VERSION = 4.2;
				TARGETED_DEVICE_FAMILY = "1,2";
			};
			name = Debug;
		};
		16C468532244DB4800494E57 /* Release */ = {
			isa = XCBuildConfiguration;
			buildSettings = {
				ASSETCATALOG_COMPILER_APPICON_NAME = AppIcon;
				CODE_SIGN_STYLE = Automatic;
				INFOPLIST_FILE = ProjetSwift/Info.plist;
				LD_RUNPATH_SEARCH_PATHS = (
					"$(inherited)",
					"@executable_path/Frameworks",
				);
				PRODUCT_BUNDLE_IDENTIFIER = "F-Y.ProjetSwift";
				PRODUCT_NAME = "$(TARGET_NAME)";
				SWIFT_VERSION = 4.2;
				TARGETED_DEVICE_FAMILY = "1,2";
			};
			name = Release;
		};
		16C468552244DB4800494E57 /* Debug */ = {
			isa = XCBuildConfiguration;
			buildSettings = {
				ALWAYS_EMBED_SWIFT_STANDARD_LIBRARIES = YES;
				BUNDLE_LOADER = "$(TEST_HOST)";
				CODE_SIGN_STYLE = Automatic;
				INFOPLIST_FILE = ProjetSwiftTests/Info.plist;
				LD_RUNPATH_SEARCH_PATHS = (
					"$(inherited)",
					"@executable_path/Frameworks",
					"@loader_path/Frameworks",
				);
				PRODUCT_BUNDLE_IDENTIFIER = "F-Y.ProjetSwiftTests";
				PRODUCT_NAME = "$(TARGET_NAME)";
				SWIFT_VERSION = 4.2;
				TARGETED_DEVICE_FAMILY = "1,2";
				TEST_HOST = "$(BUILT_PRODUCTS_DIR)/ProjetSwift.app/ProjetSwift";
			};
			name = Debug;
		};
		16C468562244DB4800494E57 /* Release */ = {
			isa = XCBuildConfiguration;
			buildSettings = {
				ALWAYS_EMBED_SWIFT_STANDARD_LIBRARIES = YES;
				BUNDLE_LOADER = "$(TEST_HOST)";
				CODE_SIGN_STYLE = Automatic;
				INFOPLIST_FILE = ProjetSwiftTests/Info.plist;
				LD_RUNPATH_SEARCH_PATHS = (
					"$(inherited)",
					"@executable_path/Frameworks",
					"@loader_path/Frameworks",
				);
				PRODUCT_BUNDLE_IDENTIFIER = "F-Y.ProjetSwiftTests";
				PRODUCT_NAME = "$(TARGET_NAME)";
				SWIFT_VERSION = 4.2;
				TARGETED_DEVICE_FAMILY = "1,2";
				TEST_HOST = "$(BUILT_PRODUCTS_DIR)/ProjetSwift.app/ProjetSwift";
			};
			name = Release;
		};
		16C468582244DB4800494E57 /* Debug */ = {
			isa = XCBuildConfiguration;
			buildSettings = {
				ALWAYS_EMBED_SWIFT_STANDARD_LIBRARIES = YES;
				CODE_SIGN_STYLE = Automatic;
				INFOPLIST_FILE = ProjetSwiftUITests/Info.plist;
				LD_RUNPATH_SEARCH_PATHS = (
					"$(inherited)",
					"@executable_path/Frameworks",
					"@loader_path/Frameworks",
				);
				PRODUCT_BUNDLE_IDENTIFIER = "F-Y.ProjetSwiftUITests";
				PRODUCT_NAME = "$(TARGET_NAME)";
				SWIFT_VERSION = 4.2;
				TARGETED_DEVICE_FAMILY = "1,2";
				TEST_TARGET_NAME = ProjetSwift;
			};
			name = Debug;
		};
		16C468592244DB4800494E57 /* Release */ = {
			isa = XCBuildConfiguration;
			buildSettings = {
				ALWAYS_EMBED_SWIFT_STANDARD_LIBRARIES = YES;
				CODE_SIGN_STYLE = Automatic;
				INFOPLIST_FILE = ProjetSwiftUITests/Info.plist;
				LD_RUNPATH_SEARCH_PATHS = (
					"$(inherited)",
					"@executable_path/Frameworks",
					"@loader_path/Frameworks",
				);
				PRODUCT_BUNDLE_IDENTIFIER = "F-Y.ProjetSwiftUITests";
				PRODUCT_NAME = "$(TARGET_NAME)";
				SWIFT_VERSION = 4.2;
				TARGETED_DEVICE_FAMILY = "1,2";
				TEST_TARGET_NAME = ProjetSwift;
			};
			name = Release;
		};
/* End XCBuildConfiguration section */

/* Begin XCConfigurationList section */
		16C468212244DB4600494E57 /* Build configuration list for PBXProject "ProjetSwift" */ = {
			isa = XCConfigurationList;
			buildConfigurations = (
				16C4684F2244DB4800494E57 /* Debug */,
				16C468502244DB4800494E57 /* Release */,
			);
			defaultConfigurationIsVisible = 0;
			defaultConfigurationName = Release;
		};
		16C468512244DB4800494E57 /* Build configuration list for PBXNativeTarget "ProjetSwift" */ = {
			isa = XCConfigurationList;
			buildConfigurations = (
				16C468522244DB4800494E57 /* Debug */,
				16C468532244DB4800494E57 /* Release */,
			);
			defaultConfigurationIsVisible = 0;
			defaultConfigurationName = Release;
		};
		16C468542244DB4800494E57 /* Build configuration list for PBXNativeTarget "ProjetSwiftTests" */ = {
			isa = XCConfigurationList;
			buildConfigurations = (
				16C468552244DB4800494E57 /* Debug */,
				16C468562244DB4800494E57 /* Release */,
			);
			defaultConfigurationIsVisible = 0;
			defaultConfigurationName = Release;
		};
		16C468572244DB4800494E57 /* Build configuration list for PBXNativeTarget "ProjetSwiftUITests" */ = {
			isa = XCConfigurationList;
			buildConfigurations = (
				16C468582244DB4800494E57 /* Debug */,
				16C468592244DB4800494E57 /* Release */,
			);
			defaultConfigurationIsVisible = 0;
			defaultConfigurationName = Release;
		};
/* End XCConfigurationList section */

/* Begin XCVersionGroup section */
		16C468302244DB4600494E57 /* ProjetSwift.xcdatamodeld */ = {
			isa = XCVersionGroup;
			children = (
				16C468312244DB4600494E57 /* ProjetSwift.xcdatamodel */,
			);
			currentVersion = 16C468312244DB4600494E57 /* ProjetSwift.xcdatamodel */;
			path = ProjetSwift.xcdatamodeld;
			sourceTree = "<group>";
			versionGroupType = wrapper.xcdatamodel;
		};
/* End XCVersionGroup section */
	};
	rootObject = 16C4681E2244DB4600494E57 /* Project object */;
}
